
Microsoft Visual Studio Solution File, Format Version 12.00
# Visual Studio Version 17
VisualStudioVersion = 17.14.37203.1 d17.14
MinimumVisualStudioVersion = 10.0.40219.1
Project("{FAE04EC0-301F-11D3-BF4B-00C04F79EFBC}") = "I3B_Dapper_Svatoš", "I3B_Dapper_Svatoš\I3B_Dapper_Svatoš.csproj", "{1A4F61FF-BC93-45A3-B748-44C59B1AB190}"
EndProject
Global
	GlobalSection(SolutionConfigurationPlatforms) = preSolution
		Debug|Any CPU = Debug|Any CPU
		Release|Any CPU = Release|Any CPU
	EndGlobalSection
	GlobalSection(ProjectConfigurationPlatforms) = postSolution
		{1A4F61FF-BC93-45A3-B748-44C59B1AB190}.Debug|Any CPU.ActiveCfg = Debug|Any CPU
		{1A4F61FF-BC93-45A3-B748-44C59B1AB190}.Debug|Any CPU.Build.0 = Debug|Any CPU
		{1A4F61FF-BC93-45A3-B748-44C59B1AB190}.Release|Any CPU.ActiveCfg = Release|Any CPU
		{1A4F61FF-BC93-45A3-B748-44C59B1AB190}.Release|Any CPU.Build.0 = Release|Any CPU
	EndGlobalSection
	GlobalSection(SolutionProperties) = preSolution
		HideSolutionNode = FALSE
	EndGlobalSection
	GlobalSection(ExtensibilityGlobals) = postSolution
		SolutionGuid = {56E0C9F1-4746-4015-A762-45AB2321AA38}
	EndGlobalSection
EndGlobal
